// !$*UTF8*$!
{
	archiveVersion = 1;
	classes = {
	};
	objectVersion = 77;
	objects = {

/* Begin PBXBuildFile section */
		B898A5642CB7A1E00054DE8D /* DetailNewsViewController.swift in Sources */ = {isa = PBXBuildFile; fileRef = B898A5632CB7A1E00054DE8D /* DetailNewsViewController.swift */; };
		B898A5662CB7CBE30054DE8D /* WebView.swift in Sources */ = {isa = PBXBuildFile; fileRef = B898A5652CB7CBE30054DE8D /* WebView.swift */; };
		B8C77ADD2CB4C3A0003FBB9C /* Assets.xcassets in Resources */ = {isa = PBXBuildFile; fileRef = B8C77AD42CB4C3A0003FBB9C /* Assets.xcassets */; };
		B8C77ADF2CB4C3A0003FBB9C /* LaunchScreen.storyboard in Resources */ = {isa = PBXBuildFile; fileRef = B8C77AD72CB4C3A0003FBB9C /* LaunchScreen.storyboard */; };
		B8C77AE12CB4C3A0003FBB9C /* AppDelegate.swift in Sources */ = {isa = PBXBuildFile; fileRef = B8C77AD32CB4C3A0003FBB9C /* AppDelegate.swift */; };
		B8C77AE22CB4C3A0003FBB9C /* SceneDelegate.swift in Sources */ = {isa = PBXBuildFile; fileRef = B8C77ADA2CB4C3A0003FBB9C /* SceneDelegate.swift */; };
		B8C77AE32CB4C3A0003FBB9C /* NewsViewController.swift in Sources */ = {isa = PBXBuildFile; fileRef = B8C77ADB2CB4C3A0003FBB9C /* NewsViewController.swift */; };
		B8C77AE72CB4C48E003FBB9C /* PretendardVariable.ttf in Resources */ = {isa = PBXBuildFile; fileRef = B8C77AE62CB4C48E003FBB9C /* PretendardVariable.ttf */; };
		B8C77AED2CB4C9F5003FBB9C /* UIFont.swift in Sources */ = {isa = PBXBuildFile; fileRef = B8C77AEC2CB4C9F5003FBB9C /* UIFont.swift */; };
		B8C77AEF2CB4CA13003FBB9C /* UIColor.swift in Sources */ = {isa = PBXBuildFile; fileRef = B8C77AEE2CB4CA13003FBB9C /* UIColor.swift */; };
		B8C77AF12CB4CA33003FBB9C /* Constants.swift in Sources */ = {isa = PBXBuildFile; fileRef = B8C77AF02CB4CA33003FBB9C /* Constants.swift */; };
		B8C77AF42CB4D1AE003FBB9C /* SnapKit in Frameworks */ = {isa = PBXBuildFile; productRef = B8C77AF32CB4D1AE003FBB9C /* SnapKit */; };
		B8C77AF62CB4D9F1003FBB9C /* UICollectionViewCell.swift in Sources */ = {isa = PBXBuildFile; fileRef = B8C77AF52CB4D9F1003FBB9C /* UICollectionViewCell.swift */; };
		B8C77AF82CB4DAAE003FBB9C /* CustomLabel.swift in Sources */ = {isa = PBXBuildFile; fileRef = B8C77AF72CB4DAAE003FBB9C /* CustomLabel.swift */; };
		B8C77AFE2CB5045D003FBB9C /* NewsCell.swift in Sources */ = {isa = PBXBuildFile; fileRef = B8C77AFD2CB5045D003FBB9C /* NewsCell.swift */; };
		B8C77B012CB6E014003FBB9C /* News.swift in Sources */ = {isa = PBXBuildFile; fileRef = B8C77B002CB6E014003FBB9C /* News.swift */; };
/* End PBXBuildFile section */

/* Begin PBXFileReference section */
		B898A5632CB7A1E00054DE8D /* DetailNewsViewController.swift */ = {isa = PBXFileReference; lastKnownFileType = sourcecode.swift; path = DetailNewsViewController.swift; sourceTree = "<group>"; };
		B898A5652CB7CBE30054DE8D /* WebView.swift */ = {isa = PBXFileReference; lastKnownFileType = sourcecode.swift; path = WebView.swift; sourceTree = "<group>"; };
		B8C77ABB2CB4C395003FBB9C /* HeadlineNews.app */ = {isa = PBXFileReference; explicitFileType = wrapper.application; includeInIndex = 0; path = HeadlineNews.app; sourceTree = BUILT_PRODUCTS_DIR; };
		B8C77AD32CB4C3A0003FBB9C /* AppDelegate.swift */ = {isa = PBXFileReference; lastKnownFileType = sourcecode.swift; path = AppDelegate.swift; sourceTree = "<group>"; };
		B8C77AD42CB4C3A0003FBB9C /* Assets.xcassets */ = {isa = PBXFileReference; lastKnownFileType = folder.assetcatalog; path = Assets.xcassets; sourceTree = "<group>"; };
		B8C77AD52CB4C3A0003FBB9C /* Info.plist */ = {isa = PBXFileReference; lastKnownFileType = text.plist.xml; path = Info.plist; sourceTree = "<group>"; };
		B8C77AD62CB4C3A0003FBB9C /* Base */ = {isa = PBXFileReference; lastKnownFileType = file.storyboard; name = Base; path = Base.lproj/LaunchScreen.storyboard; sourceTree = "<group>"; };
		B8C77ADA2CB4C3A0003FBB9C /* SceneDelegate.swift */ = {isa = PBXFileReference; lastKnownFileType = sourcecode.swift; path = SceneDelegate.swift; sourceTree = "<group>"; };
		B8C77ADB2CB4C3A0003FBB9C /* NewsViewController.swift */ = {isa = PBXFileReference; lastKnownFileType = sourcecode.swift; path = NewsViewController.swift; sourceTree = "<group>"; };
		B8C77AE62CB4C48E003FBB9C /* PretendardVariable.ttf */ = {isa = PBXFileReference; lastKnownFileType = file; path = PretendardVariable.ttf; sourceTree = "<group>"; };
		B8C77AEC2CB4C9F5003FBB9C /* UIFont.swift */ = {isa = PBXFileReference; lastKnownFileType = sourcecode.swift; path = UIFont.swift; sourceTree = "<group>"; };
		B8C77AEE2CB4CA13003FBB9C /* UIColor.swift */ = {isa = PBXFileReference; lastKnownFileType = sourcecode.swift; path = UIColor.swift; sourceTree = "<group>"; };
		B8C77AF02CB4CA33003FBB9C /* Constants.swift */ = {isa = PBXFileReference; lastKnownFileType = sourcecode.swift; path = Constants.swift; sourceTree = "<group>"; };
		B8C77AF52CB4D9F1003FBB9C /* UICollectionViewCell.swift */ = {isa = PBXFileReference; lastKnownFileType = sourcecode.swift; path = UICollectionViewCell.swift; sourceTree = "<group>"; };
		B8C77AF72CB4DAAE003FBB9C /* CustomLabel.swift */ = {isa = PBXFileReference; lastKnownFileType = sourcecode.swift; path = CustomLabel.swift; sourceTree = "<group>"; };
		B8C77AFD2CB5045D003FBB9C /* NewsCell.swift */ = {isa = PBXFileReference; lastKnownFileType = sourcecode.swift; path = NewsCell.swift; sourceTree = "<group>"; };
		B8C77B002CB6E014003FBB9C /* News.swift */ = {isa = PBXFileReference; lastKnownFileType = sourcecode.swift; path = News.swift; sourceTree = "<group>"; };
/* End PBXFileReference section */

/* Begin PBXFrameworksBuildPhase section */
		B8C77AB82CB4C395003FBB9C /* Frameworks */ = {
			isa = PBXFrameworksBuildPhase;
			buildActionMask = 2147483647;
			files = (
				B8C77AF42CB4D1AE003FBB9C /* SnapKit in Frameworks */,
			);
			runOnlyForDeploymentPostprocessing = 0;
		};
/* End PBXFrameworksBuildPhase section */

/* Begin PBXGroup section */
		B8C77AB22CB4C395003FBB9C = {
			isa = PBXGroup;
			children = (
				B8C77ADC2CB4C3A0003FBB9C /* HeadlineNews */,
				B8C77ABC2CB4C395003FBB9C /* Products */,
			);
			sourceTree = "<group>";
		};
		B8C77ABC2CB4C395003FBB9C /* Products */ = {
			isa = PBXGroup;
			children = (
				B8C77ABB2CB4C395003FBB9C /* HeadlineNews.app */,
			);
			name = Products;
			sourceTree = "<group>";
		};
		B8C77ADC2CB4C3A0003FBB9C /* HeadlineNews */ = {
			isa = PBXGroup;
			children = (
				B8C77AEA2CB4C532003FBB9C /* Scene */,
				B8C77AFF2CB6DFF3003FBB9C /* Model */,
				B8C77AE92CB4C524003FBB9C /* Utils */,
				B8C77AEB2CB4C53E003FBB9C /* Extension */,
				B8C77AE42CB4C423003FBB9C /* Resource */,
			);
			path = HeadlineNews;
			sourceTree = "<group>";
		};
		B8C77AE42CB4C423003FBB9C /* Resource */ = {
			isa = PBXGroup;
			children = (
				B8C77AE52CB4C44E003FBB9C /* Font */,
				B8C77ADA2CB4C3A0003FBB9C /* SceneDelegate.swift */,
				B8C77AD32CB4C3A0003FBB9C /* AppDelegate.swift */,
				B8C77AD42CB4C3A0003FBB9C /* Assets.xcassets */,
				B8C77AD52CB4C3A0003FBB9C /* Info.plist */,
				B8C77AD72CB4C3A0003FBB9C /* LaunchScreen.storyboard */,
			);
			path = Resource;
			sourceTree = "<group>";
		};
		B8C77AE52CB4C44E003FBB9C /* Font */ = {
			isa = PBXGroup;
			children = (
				B8C77AE62CB4C48E003FBB9C /* PretendardVariable.ttf */,
			);
			path = Font;
			sourceTree = "<group>";
		};
		B8C77AE92CB4C524003FBB9C /* Utils */ = {
			isa = PBXGroup;
			children = (
				B8C77AF02CB4CA33003FBB9C /* Constants.swift */,
				B8C77AF72CB4DAAE003FBB9C /* CustomLabel.swift */,
			);
			path = Utils;
			sourceTree = "<group>";
		};
		B8C77AEA2CB4C532003FBB9C /* Scene */ = {
			isa = PBXGroup;
			children = (
				B8C77ADB2CB4C3A0003FBB9C /* NewsViewController.swift */,
				B8C77AFD2CB5045D003FBB9C /* NewsCell.swift */,
				B898A5632CB7A1E00054DE8D /* DetailNewsViewController.swift */,
			);
			path = Scene;
			sourceTree = "<group>";
		};
		B8C77AEB2CB4C53E003FBB9C /* Extension */ = {
			isa = PBXGroup;
			children = (
				B8C77AEC2CB4C9F5003FBB9C /* UIFont.swift */,
				B8C77AEE2CB4CA13003FBB9C /* UIColor.swift */,
				B8C77AF52CB4D9F1003FBB9C /* UICollectionViewCell.swift */,
				B898A5652CB7CBE30054DE8D /* WebView.swift */,
			);
			path = Extension;
			sourceTree = "<group>";
		};
		B8C77AFF2CB6DFF3003FBB9C /* Model */ = {
			isa = PBXGroup;
			children = (
				B8C77B002CB6E014003FBB9C /* News.swift */,
			);
			path = Model;
			sourceTree = "<group>";
		};
/* End PBXGroup section */

/* Begin PBXNativeTarget section */
		B8C77ABA2CB4C395003FBB9C /* HeadlineNews */ = {
			isa = PBXNativeTarget;
			buildConfigurationList = B8C77ACE2CB4C397003FBB9C /* Build configuration list for PBXNativeTarget "HeadlineNews" */;
			buildPhases = (
				B8C77AB72CB4C395003FBB9C /* Sources */,
				B8C77AB82CB4C395003FBB9C /* Frameworks */,
				B8C77AB92CB4C395003FBB9C /* Resources */,
			);
			buildRules = (
			);
			dependencies = (
			);
			name = HeadlineNews;
			packageProductDependencies = (
				B8C77AF32CB4D1AE003FBB9C /* SnapKit */,
			);
			productName = HeadlineNews;
			productReference = B8C77ABB2CB4C395003FBB9C /* HeadlineNews.app */;
			productType = "com.apple.product-type.application";
		};
/* End PBXNativeTarget section */

/* Begin PBXProject section */
		B8C77AB32CB4C395003FBB9C /* Project object */ = {
			isa = PBXProject;
			attributes = {
				BuildIndependentTargetsInParallel = 1;
				LastSwiftUpdateCheck = 1600;
				LastUpgradeCheck = 1600;
				TargetAttributes = {
					B8C77ABA2CB4C395003FBB9C = {
						CreatedOnToolsVersion = 16.0;
					};
				};
			};
			buildConfigurationList = B8C77AB62CB4C395003FBB9C /* Build configuration list for PBXProject "HeadlineNews" */;
			developmentRegion = en;
			hasScannedForEncodings = 0;
			knownRegions = (
				en,
				Base,
			);
			mainGroup = B8C77AB22CB4C395003FBB9C;
			minimizedProjectReferenceProxies = 1;
			packageReferences = (
				B8C77AF22CB4D1AE003FBB9C /* XCRemoteSwiftPackageReference "SnapKit" */,
			);
			preferredProjectObjectVersion = 77;
			productRefGroup = B8C77ABC2CB4C395003FBB9C /* Products */;
			projectDirPath = "";
			projectRoot = "";
			targets = (
				B8C77ABA2CB4C395003FBB9C /* HeadlineNews */,
			);
		};
/* End PBXProject section */

/* Begin PBXResourcesBuildPhase section */
		B8C77AB92CB4C395003FBB9C /* Resources */ = {
			isa = PBXResourcesBuildPhase;
			buildActionMask = 2147483647;
			files = (
				B8C77ADD2CB4C3A0003FBB9C /* Assets.xcassets in Resources */,
				B8C77ADF2CB4C3A0003FBB9C /* LaunchScreen.storyboard in Resources */,
				B8C77AE72CB4C48E003FBB9C /* PretendardVariable.ttf in Resources */,
			);
			runOnlyForDeploymentPostprocessing = 0;
		};
/* End PBXResourcesBuildPhase section */

/* Begin PBXSourcesBuildPhase section */
		B8C77AB72CB4C395003FBB9C /* Sources */ = {
			isa = PBXSourcesBuildPhase;
			buildActionMask = 2147483647;
			files = (
				B8C77AED2CB4C9F5003FBB9C /* UIFont.swift in Sources */,
				B8C77AFE2CB5045D003FBB9C /* NewsCell.swift in Sources */,
				B8C77AF62CB4D9F1003FBB9C /* UICollectionViewCell.swift in Sources */,
				B8C77AE12CB4C3A0003FBB9C /* AppDelegate.swift in Sources */,
				B8C77AE22CB4C3A0003FBB9C /* SceneDelegate.swift in Sources */,
				B898A5642CB7A1E00054DE8D /* DetailNewsViewController.swift in Sources */,
				B8C77AE32CB4C3A0003FBB9C /* NewsViewController.swift in Sources */,
				B8C77AEF2CB4CA13003FBB9C /* UIColor.swift in Sources */,
				B8C77AF12CB4CA33003FBB9C /* Constants.swift in Sources */,
				B898A5662CB7CBE30054DE8D /* WebView.swift in Sources */,
				B8C77B012CB6E014003FBB9C /* News.swift in Sources */,
				B8C77AF82CB4DAAE003FBB9C /* CustomLabel.swift in Sources */,
			);
			runOnlyForDeploymentPostprocessing = 0;
		};
/* End PBXSourcesBuildPhase section */

/* Begin PBXVariantGroup section */
		B8C77AD72CB4C3A0003FBB9C /* LaunchScreen.storyboard */ = {
			isa = PBXVariantGroup;
			children = (
				B8C77AD62CB4C3A0003FBB9C /* Base */,
			);
			name = LaunchScreen.storyboard;
			sourceTree = "<group>";
		};
/* End PBXVariantGroup section */

/* Begin XCBuildConfiguration section */
		B8C77ACF2CB4C397003FBB9C /* Debug */ = {
			isa = XCBuildConfiguration;
			buildSettings = {
				ASSETCATALOG_COMPILER_APPICON_NAME = AppIcon;
				ASSETCATALOG_COMPILER_GLOBAL_ACCENT_COLOR_NAME = AccentColor;
				CODE_SIGN_STYLE = Automatic;
				CURRENT_PROJECT_VERSION = 1;
				DEVELOPMENT_TEAM = 785X8Q9TA9;
				GENERATE_INFOPLIST_FILE = YES;
				INFOPLIST_FILE = HeadlineNews/Resource/Info.plist;
				INFOPLIST_KEY_UIApplicationSupportsIndirectInputEvents = YES;
				INFOPLIST_KEY_UILaunchStoryboardName = LaunchScreen;
				INFOPLIST_KEY_UISupportedInterfaceOrientations_iPad = "UIInterfaceOrientationPortrait UIInterfaceOrientationPortraitUpsideDown UIInterfaceOrientationLandscapeLeft UIInterfaceOrientationLandscapeRight";
				INFOPLIST_KEY_UISupportedInterfaceOrientations_iPhone = "UIInterfaceOrientationPortrait UIInterfaceOrientationLandscapeLeft UIInterfaceOrientationLandscapeRight";
				IPHONEOS_DEPLOYMENT_TARGET = 15.6;
				LD_RUNPATH_SEARCH_PATHS = (
					"$(inherited)",
					"@executable_path/Frameworks",
				);
				MARKETING_VERSION = 1.0;
				PRODUCT_BUNDLE_IDENTIFIER = com.luttoil.HeadlineNews;
				PRODUCT_NAME = "$(TARGET_NAME)";
				SWIFT_EMIT_LOC_STRINGS = YES;
				SWIFT_VERSION = 5.0;
				TARGETED_DEVICE_FAMILY = "1,2";
			};
			name = Debug;
		};
		B8C77AD02CB4C397003FBB9C /* Release */ = {
			isa = XCBuildConfiguration;
			buildSettings = {
				ASSETCATALOG_COMPILER_APPICON_NAME = AppIcon;
				ASSETCATALOG_COMPILER_GLOBAL_ACCENT_COLOR_NAME = AccentColor;
				CODE_SIGN_STYLE = Automatic;
				CURRENT_PROJECT_VERSION = 1;
				DEVELOPMENT_TEAM = 785X8Q9TA9;
				GENERATE_INFOPLIST_FILE = YES;
				INFOPLIST_FILE = HeadlineNews/Resource/Info.plist;
				INFOPLIST_KEY_UIApplicationSupportsIndirectInputEvents = YES;
				INFOPLIST_KEY_UILaunchStoryboardName = LaunchScreen;
				INFOPLIST_KEY_UISupportedInterfaceOrientations_iPad = "UIInterfaceOrientationPortrait UIInterfaceOrientationPortraitUpsideDown UIInterfaceOrientationLandscapeLeft UIInterfaceOrientationLandscapeRight";
				INFOPLIST_KEY_UISupportedInterfaceOrientations_iPhone = "UIInterfaceOrientationPortrait UIInterfaceOrientationLandscapeLeft UIInterfaceOrientationLandscapeRight";
				IPHONEOS_DEPLOYMENT_TARGET = 15.6;
				LD_RUNPATH_SEARCH_PATHS = (
					"$(inherited)",
					"@executable_path/Frameworks",
				);
				MARKETING_VERSION = 1.0;
				PRODUCT_BUNDLE_IDENTIFIER = com.luttoil.HeadlineNews;
				PRODUCT_NAME = "$(TARGET_NAME)";
				SWIFT_EMIT_LOC_STRINGS = YES;
				SWIFT_VERSION = 5.0;
				TARGETED_DEVICE_FAMILY = "1,2";
			};
			name = Release;
		};
		B8C77AD12CB4C397003FBB9C /* Debug */ = {
			isa = XCBuildConfiguration;
			buildSettings = {
				ALWAYS_SEARCH_USER_PATHS = NO;
				ASSETCATALOG_COMPILER_GENERATE_SWIFT_ASSET_SYMBOL_EXTENSIONS = YES;
				CLANG_ANALYZER_NONNULL = YES;
				CLANG_ANALYZER_NUMBER_OBJECT_CONVERSION = YES_AGGRESSIVE;
				CLANG_CXX_LANGUAGE_STANDARD = "gnu++20";
				CLANG_ENABLE_MODULES = YES;
				CLANG_ENABLE_OBJC_ARC = YES;
				CLANG_ENABLE_OBJC_WEAK = YES;
				CLANG_WARN_BLOCK_CAPTURE_AUTORELEASING = YES;
				CLANG_WARN_BOOL_CONVERSION = YES;
				CLANG_WARN_COMMA = YES;
				CLANG_WARN_CONSTANT_CONVERSION = YES;
				CLANG_WARN_DEPRECATED_OBJC_IMPLEMENTATIONS = YES;
				CLANG_WARN_DIRECT_OBJC_ISA_USAGE = YES_ERROR;
				CLANG_WARN_DOCUMENTATION_COMMENTS = YES;
				CLANG_WARN_EMPTY_BODY = YES;
				CLANG_WARN_ENUM_CONVERSION = YES;
				CLANG_WARN_INFINITE_RECURSION = YES;
				CLANG_WARN_INT_CONVERSION = YES;
				CLANG_WARN_NON_LITERAL_NULL_CONVERSION = YES;
				CLANG_WARN_OBJC_IMPLICIT_RETAIN_SELF = YES;
				CLANG_WARN_OBJC_LITERAL_CONVERSION = YES;
				CLANG_WARN_OBJC_ROOT_CLASS = YES_ERROR;
				CLANG_WARN_QUOTED_INCLUDE_IN_FRAMEWORK_HEADER = YES;
				CLANG_WARN_RANGE_LOOP_ANALYSIS = YES;
				CLANG_WARN_STRICT_PROTOTYPES = YES;
				CLANG_WARN_SUSPICIOUS_MOVE = YES;
				CLANG_WARN_UNGUARDED_AVAILABILITY = YES_AGGRESSIVE;
				CLANG_WARN_UNREACHABLE_CODE = YES;
				CLANG_WARN__DUPLICATE_METHOD_MATCH = YES;
				COPY_PHASE_STRIP = NO;
				DEBUG_INFORMATION_FORMAT = dwarf;
				ENABLE_STRICT_OBJC_MSGSEND = YES;
				ENABLE_TESTABILITY = YES;
				ENABLE_USER_SCRIPT_SANDBOXING = YES;
				GCC_C_LANGUAGE_STANDARD = gnu17;
				GCC_DYNAMIC_NO_PIC = NO;
				GCC_NO_COMMON_BLOCKS = YES;
				GCC_OPTIMIZATION_LEVEL = 0;
				GCC_PREPROCESSOR_DEFINITIONS = (
					"DEBUG=1",
					"$(inherited)",
				);
				GCC_WARN_64_TO_32_BIT_CONVERSION = YES;
				GCC_WARN_ABOUT_RETURN_TYPE = YES_ERROR;
				GCC_WARN_UNDECLARED_SELECTOR = YES;
				GCC_WARN_UNINITIALIZED_AUTOS = YES_AGGRESSIVE;
				GCC_WARN_UNUSED_FUNCTION = YES;
				GCC_WARN_UNUSED_VARIABLE = YES;
				IPHONEOS_DEPLOYMENT_TARGET = 18.0;
				LOCALIZATION_PREFERS_STRING_CATALOGS = YES;
				MTL_ENABLE_DEBUG_INFO = INCLUDE_SOURCE;
				MTL_FAST_MATH = YES;
				ONLY_ACTIVE_ARCH = YES;
				SDKROOT = iphoneos;
				SWIFT_ACTIVE_COMPILATION_CONDITIONS = "DEBUG $(inherited)";
				SWIFT_OPTIMIZATION_LEVEL = "-Onone";
			};
			name = Debug;
		};
		B8C77AD22CB4C397003FBB9C /* Release */ = {
			isa = XCBuildConfiguration;
			buildSettings = {
				ALWAYS_SEARCH_USER_PATHS = NO;
				ASSETCATALOG_COMPILER_GENERATE_SWIFT_ASSET_SYMBOL_EXTENSIONS = YES;
				CLANG_ANALYZER_NONNULL = YES;
				CLANG_ANALYZER_NUMBER_OBJECT_CONVERSION = YES_AGGRESSIVE;
				CLANG_CXX_LANGUAGE_STANDARD = "gnu++20";
				CLANG_ENABLE_MODULES = YES;
				CLANG_ENABLE_OBJC_ARC = YES;
				CLANG_ENABLE_OBJC_WEAK = YES;
				CLANG_WARN_BLOCK_CAPTURE_AUTORELEASING = YES;
				CLANG_WARN_BOOL_CONVERSION = YES;
				CLANG_WARN_COMMA = YES;
				CLANG_WARN_CONSTANT_CONVERSION = YES;
				CLANG_WARN_DEPRECATED_OBJC_IMPLEMENTATIONS = YES;
				CLANG_WARN_DIRECT_OBJC_ISA_USAGE = YES_ERROR;
				CLANG_WARN_DOCUMENTATION_COMMENTS = YES;
				CLANG_WARN_EMPTY_BODY = YES;
				CLANG_WARN_ENUM_CONVERSION = YES;
				CLANG_WARN_INFINITE_RECURSION = YES;
				CLANG_WARN_INT_CONVERSION = YES;
				CLANG_WARN_NON_LITERAL_NULL_CONVERSION = YES;
				CLANG_WARN_OBJC_IMPLICIT_RETAIN_SELF = YES;
				CLANG_WARN_OBJC_LITERAL_CONVERSION = YES;
				CLANG_WARN_OBJC_ROOT_CLASS = YES_ERROR;
				CLANG_WARN_QUOTED_INCLUDE_IN_FRAMEWORK_HEADER = YES;
				CLANG_WARN_RANGE_LOOP_ANALYSIS = YES;
				CLANG_WARN_STRICT_PROTOTYPES = YES;
				CLANG_WARN_SUSPICIOUS_MOVE = YES;
				CLANG_WARN_UNGUARDED_AVAILABILITY = YES_AGGRESSIVE;
				CLANG_WARN_UNREACHABLE_CODE = YES;
				CLANG_WARN__DUPLICATE_METHOD_MATCH = YES;
				COPY_PHASE_STRIP = NO;
				DEBUG_INFORMATION_FORMAT = "dwarf-with-dsym";
				ENABLE_NS_ASSERTIONS = NO;
				ENABLE_STRICT_OBJC_MSGSEND = YES;
				ENABLE_USER_SCRIPT_SANDBOXING = YES;
				GCC_C_LANGUAGE_STANDARD = gnu17;
				GCC_NO_COMMON_BLOCKS = YES;
				GCC_WARN_64_TO_32_BIT_CONVERSION = YES;
				GCC_WARN_ABOUT_RETURN_TYPE = YES_ERROR;
				GCC_WARN_UNDECLARED_SELECTOR = YES;
				GCC_WARN_UNINITIALIZED_AUTOS = YES_AGGRESSIVE;
				GCC_WARN_UNUSED_FUNCTION = YES;
				GCC_WARN_UNUSED_VARIABLE = YES;
				IPHONEOS_DEPLOYMENT_TARGET = 18.0;
				LOCALIZATION_PREFERS_STRING_CATALOGS = YES;
				MTL_ENABLE_DEBUG_INFO = NO;
				MTL_FAST_MATH = YES;
				SDKROOT = iphoneos;
				SWIFT_COMPILATION_MODE = wholemodule;
				VALIDATE_PRODUCT = YES;
			};
			name = Release;
		};
/* End XCBuildConfiguration section */

/* Begin XCConfigurationList section */
		B8C77AB62CB4C395003FBB9C /* Build configuration list for PBXProject "HeadlineNews" */ = {
			isa = XCConfigurationList;
			buildConfigurations = (
				B8C77AD12CB4C397003FBB9C /* Debug */,
				B8C77AD22CB4C397003FBB9C /* Release */,
			);
			defaultConfigurationIsVisible = 0;
			defaultConfigurationName = Release;
		};
		B8C77ACE2CB4C397003FBB9C /* Build configuration list for PBXNativeTarget "HeadlineNews" */ = {
			isa = XCConfigurationList;
			buildConfigurations = (
				B8C77ACF2CB4C397003FBB9C /* Debug */,
				B8C77AD02CB4C397003FBB9C /* Release */,
			);
			defaultConfigurationIsVisible = 0;
			defaultConfigurationName = Release;
		};
/* End XCConfigurationList section */

/* Begin XCRemoteSwiftPackageReference section */
		B8C77AF22CB4D1AE003FBB9C /* XCRemoteSwiftPackageReference "SnapKit" */ = {
			isa = XCRemoteSwiftPackageReference;
			repositoryURL = "https://github.com/SnapKit/SnapKit.git";
			requirement = {
				kind = upToNextMajorVersion;
				minimumVersion = 5.7.1;
			};
		};
/* End XCRemoteSwiftPackageReference section */

/* Begin XCSwiftPackageProductDependency section */
		B8C77AF32CB4D1AE003FBB9C /* SnapKit */ = {
			isa = XCSwiftPackageProductDependency;
			package = B8C77AF22CB4D1AE003FBB9C /* XCRemoteSwiftPackageReference "SnapKit" */;
			productName = SnapKit;
		};
/* End XCSwiftPackageProductDependency section */
	};
	rootObject = B8C77AB32CB4C395003FBB9C /* Project object */;
}
